
Microsoft Visual Studio Solution File, Format Version 12.00
# Visual Studio Version 17
VisualStudioVersion = 17.10.35013.160
MinimumVisualStudioVersion = 10.0.40219.1
Project("{9A19103F-16F7-4668-BE54-9A1E7A4F7556}") = "DigitalRecordingBackend", "DigitalRecordingBackend\DigitalRecordingBackend.csproj", "{7975B83A-7EA0-4C0F-ACE7-0CF678B92A18}"
EndProject
Project("{FAE04EC0-301F-11D3-BF4B-00C04F79EFBC}") = "DigitalRecordingSystemData", "DigitalRecordingSystemData\DigitalRecordingSystemData.csproj", "{56BE063C-BFB3-4229-9EE4-FD01A5ACADBD}"
EndProject
Global
	GlobalSection(SolutionConfigurationPlatforms) = preSolution
		Debug|Any CPU = Debug|Any CPU
		Release|Any CPU = Release|Any CPU
	EndGlobalSection
	GlobalSection(ProjectConfigurationPlatforms) = postSolution
		{7975B83A-7EA0-4C0F-ACE7-0CF678B92A18}.Debug|Any CPU.ActiveCfg = Debug|Any CPU
		{7975B83A-7EA0-4C0F-ACE7-0CF678B92A18}.Debug|Any CPU.Build.0 = Debug|Any CPU
		{7975B83A-7EA0-4C0F-ACE7-0CF678B92A18}.Release|Any CPU.ActiveCfg = Release|Any CPU
		{7975B83A-7EA0-4C0F-ACE7-0CF678B92A18}.Release|Any CPU.Build.0 = Release|Any CPU
		{56BE063C-BFB3-4229-9EE4-FD01A5ACADBD}.Debug|Any CPU.ActiveCfg = Debug|Any CPU
		{56BE063C-BFB3-4229-9EE4-FD01A5ACADBD}.Debug|Any CPU.Build.0 = Debug|Any CPU
		{56BE063C-BFB3-4229-9EE4-FD01A5ACADBD}.Release|Any CPU.ActiveCfg = Release|Any CPU
		{56BE063C-BFB3-4229-9EE4-FD01A5ACADBD}.Release|Any CPU.Build.0 = Release|Any CPU
	EndGlobalSection
	GlobalSection(SolutionProperties) = preSolution
		HideSolutionNode = FALSE
	EndGlobalSection
	GlobalSection(ExtensibilityGlobals) = postSolution
		SolutionGuid = {9CEF2515-CE9A-4020-BBE2-139F323B031B}
	EndGlobalSection
EndGlobal
